// !$*UTF8*$!
{
	archiveVersion = 1;
	classes = {
	};
	objectVersion = 50;
	objects = {

/* Begin PBXBuildFile section */
		15DAD00659325EC06D94DD05 /* Pods_CarfaxList.framework in Frameworks */ = {isa = PBXBuildFile; fileRef = 74A1B54CD65E4253D38A9207 /* Pods_CarfaxList.framework */; };
		C5AF54892332638F00F946B3 /* AppDelegate.swift in Sources */ = {isa = PBXBuildFile; fileRef = C5AF54882332638F00F946B3 /* AppDelegate.swift */; };
		C5AF548B2332638F00F946B3 /* ViewController.swift in Sources */ = {isa = PBXBuildFile; fileRef = C5AF548A2332638F00F946B3 /* ViewController.swift */; };
		C5AF548E2332638F00F946B3 /* Main.storyboard in Resources */ = {isa = PBXBuildFile; fileRef = C5AF548C2332638F00F946B3 /* Main.storyboard */; };
		C5AF54902332639000F946B3 /* Assets.xcassets in Resources */ = {isa = PBXBuildFile; fileRef = C5AF548F2332639000F946B3 /* Assets.xcassets */; };
		C5AF54932332639000F946B3 /* LaunchScreen.storyboard in Resources */ = {isa = PBXBuildFile; fileRef = C5AF54912332639000F946B3 /* LaunchScreen.storyboard */; };
		C5AF549B23327C0F00F946B3 /* CarInfo.swift in Sources */ = {isa = PBXBuildFile; fileRef = C5AF549A23327C0F00F946B3 /* CarInfo.swift */; };
		C5AF549D2332927700F946B3 /* CodeError.swift in Sources */ = {isa = PBXBuildFile; fileRef = C5AF549C2332927700F946B3 /* CodeError.swift */; };
		C5AF549F2333D40100F946B3 /* CarInfoTableViewCell.swift in Sources */ = {isa = PBXBuildFile; fileRef = C5AF549E2333D40100F946B3 /* CarInfoTableViewCell.swift */; };
		C5AF54A12334EF5B00F946B3 /* UIImageView+Additions.swift in Sources */ = {isa = PBXBuildFile; fileRef = C5AF54A02334EF5B00F946B3 /* UIImageView+Additions.swift */; };
/* End PBXBuildFile section */

/* Begin PBXFileReference section */
		4FF2C1BEE1D29DC3CD890C83 /* Pods-CarfaxList.debug.xcconfig */ = {isa = PBXFileReference; includeInIndex = 1; lastKnownFileType = text.xcconfig; name = "Pods-CarfaxList.debug.xcconfig"; path = "Target Support Files/Pods-CarfaxList/Pods-CarfaxList.debug.xcconfig"; sourceTree = "<group>"; };
		6CF595D214B72254F0B96A9E /* Pods-CarfaxList.release.xcconfig */ = {isa = PBXFileReference; includeInIndex = 1; lastKnownFileType = text.xcconfig; name = "Pods-CarfaxList.release.xcconfig"; path = "Target Support Files/Pods-CarfaxList/Pods-CarfaxList.release.xcconfig"; sourceTree = "<group>"; };
		74A1B54CD65E4253D38A9207 /* Pods_CarfaxList.framework */ = {isa = PBXFileReference; explicitFileType = wrapper.framework; includeInIndex = 0; path = Pods_CarfaxList.framework; sourceTree = BUILT_PRODUCTS_DIR; };
		C5AF54852332638F00F946B3 /* CarfaxList.app */ = {isa = PBXFileReference; explicitFileType = wrapper.application; includeInIndex = 0; path = CarfaxList.app; sourceTree = BUILT_PRODUCTS_DIR; };
		C5AF54882332638F00F946B3 /* AppDelegate.swift */ = {isa = PBXFileReference; lastKnownFileType = sourcecode.swift; path = AppDelegate.swift; sourceTree = "<group>"; };
		C5AF548A2332638F00F946B3 /* ViewController.swift */ = {isa = PBXFileReference; lastKnownFileType = sourcecode.swift; path = ViewController.swift; sourceTree = "<group>"; };
		C5AF548D2332638F00F946B3 /* Base */ = {isa = PBXFileReference; lastKnownFileType = file.storyboard; name = Base; path = Base.lproj/Main.storyboard; sourceTree = "<group>"; };
		C5AF548F2332639000F946B3 /* Assets.xcassets */ = {isa = PBXFileReference; lastKnownFileType = folder.assetcatalog; path = Assets.xcassets; sourceTree = "<group>"; };
		C5AF54922332639000F946B3 /* Base */ = {isa = PBXFileReference; lastKnownFileType = file.storyboard; name = Base; path = Base.lproj/LaunchScreen.storyboard; sourceTree = "<group>"; };
		C5AF54942332639000F946B3 /* Info.plist */ = {isa = PBXFileReference; lastKnownFileType = text.plist.xml; path = Info.plist; sourceTree = "<group>"; };
		C5AF549A23327C0F00F946B3 /* CarInfo.swift */ = {isa = PBXFileReference; lastKnownFileType = sourcecode.swift; path = CarInfo.swift; sourceTree = "<group>"; };
		C5AF549C2332927700F946B3 /* CodeError.swift */ = {isa = PBXFileReference; lastKnownFileType = sourcecode.swift; path = CodeError.swift; sourceTree = "<group>"; };
		C5AF549E2333D40100F946B3 /* CarInfoTableViewCell.swift */ = {isa = PBXFileReference; lastKnownFileType = sourcecode.swift; path = CarInfoTableViewCell.swift; sourceTree = "<group>"; };
		C5AF54A02334EF5B00F946B3 /* UIImageView+Additions.swift */ = {isa = PBXFileReference; lastKnownFileType = sourcecode.swift; path = "UIImageView+Additions.swift"; sourceTree = "<group>"; };
/* End PBXFileReference section */

/* Begin PBXFrameworksBuildPhase section */
		C5AF54822332638F00F946B3 /* Frameworks */ = {
			isa = PBXFrameworksBuildPhase;
			buildActionMask = 2147483647;
			files = (
				15DAD00659325EC06D94DD05 /* Pods_CarfaxList.framework in Frameworks */,
			);
			runOnlyForDeploymentPostprocessing = 0;
		};
/* End PBXFrameworksBuildPhase section */

/* Begin PBXGroup section */
		A446760292030B8A4FFCC1AE /* Pods */ = {
			isa = PBXGroup;
			children = (
				4FF2C1BEE1D29DC3CD890C83 /* Pods-CarfaxList.debug.xcconfig */,
				6CF595D214B72254F0B96A9E /* Pods-CarfaxList.release.xcconfig */,
			);
			path = Pods;
			sourceTree = "<group>";
		};
		BD34639620AF761955576112 /* Frameworks */ = {
			isa = PBXGroup;
			children = (
				74A1B54CD65E4253D38A9207 /* Pods_CarfaxList.framework */,
			);
			name = Frameworks;
			sourceTree = "<group>";
		};
		C5AF547C2332638F00F946B3 = {
			isa = PBXGroup;
			children = (
				C5AF54872332638F00F946B3 /* CarfaxList */,
				C5AF54862332638F00F946B3 /* Products */,
				A446760292030B8A4FFCC1AE /* Pods */,
				BD34639620AF761955576112 /* Frameworks */,
			);
			sourceTree = "<group>";
		};
		C5AF54862332638F00F946B3 /* Products */ = {
			isa = PBXGroup;
			children = (
				C5AF54852332638F00F946B3 /* CarfaxList.app */,
			);
			name = Products;
			sourceTree = "<group>";
		};
		C5AF54872332638F00F946B3 /* CarfaxList */ = {
			isa = PBXGroup;
			children = (
				C5AF54882332638F00F946B3 /* AppDelegate.swift */,
				C5AF548A2332638F00F946B3 /* ViewController.swift */,
				C5AF548C2332638F00F946B3 /* Main.storyboard */,
				C5AF548F2332639000F946B3 /* Assets.xcassets */,
				C5AF54912332639000F946B3 /* LaunchScreen.storyboard */,
				C5AF54942332639000F946B3 /* Info.plist */,
				C5AF549A23327C0F00F946B3 /* CarInfo.swift */,
				C5AF549C2332927700F946B3 /* CodeError.swift */,
				C5AF549E2333D40100F946B3 /* CarInfoTableViewCell.swift */,
				C5AF54A02334EF5B00F946B3 /* UIImageView+Additions.swift */,
			);
			path = CarfaxList;
			sourceTree = "<group>";
		};
/* End PBXGroup section */

/* Begin PBXNativeTarget section */
		C5AF54842332638F00F946B3 /* CarfaxList */ = {
			isa = PBXNativeTarget;
			buildConfigurationList = C5AF54972332639000F946B3 /* Build configuration list for PBXNativeTarget "CarfaxList" */;
			buildPhases = (
				D9FD1F744E5C96DDBEF22E2A /* [CP] Check Pods Manifest.lock */,
				C5AF54812332638F00F946B3 /* Sources */,
				C5AF54822332638F00F946B3 /* Frameworks */,
				C5AF54832332638F00F946B3 /* Resources */,
				3E85AFAED9402D86B1CAA987 /* [CP] Embed Pods Frameworks */,
			);
			buildRules = (
			);
			dependencies = (
			);
			name = CarfaxList;
			productName = CarfaxList;
			productReference = C5AF54852332638F00F946B3 /* CarfaxList.app */;
			productType = "com.apple.product-type.application";
		};
/* End PBXNativeTarget section */

/* Begin PBXProject section */
		C5AF547D2332638F00F946B3 /* Project object */ = {
			isa = PBXProject;
			attributes = {
				LastSwiftUpdateCheck = 1030;
				LastUpgradeCheck = 1030;
				ORGANIZATIONNAME = "Chris Lin";
				TargetAttributes = {
					C5AF54842332638F00F946B3 = {
						CreatedOnToolsVersion = 10.3;
					};
				};
			};
			buildConfigurationList = C5AF54802332638F00F946B3 /* Build configuration list for PBXProject "CarfaxList" */;
			compatibilityVersion = "Xcode 9.3";
			developmentRegion = en;
			hasScannedForEncodings = 0;
			knownRegions = (
				en,
				Base,
			);
			mainGroup = C5AF547C2332638F00F946B3;
			productRefGroup = C5AF54862332638F00F946B3 /* Products */;
			projectDirPath = "";
			projectRoot = "";
			targets = (
				C5AF54842332638F00F946B3 /* CarfaxList */,
			);
		};
/* End PBXProject section */

/* Begin PBXResourcesBuildPhase section */
		C5AF54832332638F00F946B3 /* Resources */ = {
			isa = PBXResourcesBuildPhase;
			buildActionMask = 2147483647;
			files = (
				C5AF54932332639000F946B3 /* LaunchScreen.storyboard in Resources */,
				C5AF54902332639000F946B3 /* Assets.xcassets in Resources */,
				C5AF548E2332638F00F946B3 /* Main.storyboard in Resources */,
			);
			runOnlyForDeploymentPostprocessing = 0;
		};
/* End PBXResourcesBuildPhase section */

/* Begin PBXShellScriptBuildPhase section */
		3E85AFAED9402D86B1CAA987 /* [CP] Embed Pods Frameworks */ = {
			isa = PBXShellScriptBuildPhase;
			buildActionMask = 2147483647;
			files = (
			);
			inputFileListPaths = (
			);
			inputPaths = (
				"${PODS_ROOT}/Target Support Files/Pods-CarfaxList/Pods-CarfaxList-frameworks.sh",
				"${BUILT_PRODUCTS_DIR}/Alamofire/Alamofire.framework",
				"${BUILT_PRODUCTS_DIR}/PromiseKit/PromiseKit.framework",
				"${BUILT_PRODUCTS_DIR}/SwiftyJSON/SwiftyJSON.framework",
			);
			name = "[CP] Embed Pods Frameworks";
			outputFileListPaths = (
			);
			outputPaths = (
				"${TARGET_BUILD_DIR}/${FRAMEWORKS_FOLDER_PATH}/Alamofire.framework",
				"${TARGET_BUILD_DIR}/${FRAMEWORKS_FOLDER_PATH}/PromiseKit.framework",
				"${TARGET_BUILD_DIR}/${FRAMEWORKS_FOLDER_PATH}/SwiftyJSON.framework",
			);
			runOnlyForDeploymentPostprocessing = 0;
			shellPath = /bin/sh;
			shellScript = "\"${PODS_ROOT}/Target Support Files/Pods-CarfaxList/Pods-CarfaxList-frameworks.sh\"\n";
			showEnvVarsInLog = 0;
		};
		D9FD1F744E5C96DDBEF22E2A /* [CP] Check Pods Manifest.lock */ = {
			isa = PBXShellScriptBuildPhase;
			buildActionMask = 2147483647;
			files = (
			);
			inputFileListPaths = (
			);
			inputPaths = (
				"${PODS_PODFILE_DIR_PATH}/Podfile.lock",
				"${PODS_ROOT}/Manifest.lock",
			);
			name = "[CP] Check Pods Manifest.lock";
			outputFileListPaths = (
			);
			outputPaths = (
				"$(DERIVED_FILE_DIR)/Pods-CarfaxList-checkManifestLockResult.txt",
			);
			runOnlyForDeploymentPostprocessing = 0;
			shellPath = /bin/sh;
			shellScript = "diff \"${PODS_PODFILE_DIR_PATH}/Podfile.lock\" \"${PODS_ROOT}/Manifest.lock\" > /dev/null\nif [ $? != 0 ] ; then\n    # print error to STDERR\n    echo \"error: The sandbox is not in sync with the Podfile.lock. Run 'pod install' or update your CocoaPods installation.\" >&2\n    exit 1\nfi\n# This output is used by Xcode 'outputs' to avoid re-running this script phase.\necho \"SUCCESS\" > \"${SCRIPT_OUTPUT_FILE_0}\"\n";
			showEnvVarsInLog = 0;
		};
/* End PBXShellScriptBuildPhase section */

/* Begin PBXSourcesBuildPhase section */
		C5AF54812332638F00F946B3 /* Sources */ = {
			isa = PBXSourcesBuildPhase;
			buildActionMask = 2147483647;
			files = (
				C5AF549F2333D40100F946B3 /* CarInfoTableViewCell.swift in Sources */,
				C5AF548B2332638F00F946B3 /* ViewController.swift in Sources */,
				C5AF549B23327C0F00F946B3 /* CarInfo.swift in Sources */,
				C5AF54892332638F00F946B3 /* AppDelegate.swift in Sources */,
				C5AF54A12334EF5B00F946B3 /* UIImageView+Additions.swift in Sources */,
				C5AF549D2332927700F946B3 /* CodeError.swift in Sources */,
			);
			runOnlyForDeploymentPostprocessing = 0;
		};
/* End PBXSourcesBuildPhase section */

/* Begin PBXVariantGroup section */
		C5AF548C2332638F00F946B3 /* Main.storyboard */ = {
			isa = PBXVariantGroup;
			children = (
				C5AF548D2332638F00F946B3 /* Base */,
			);
			name = Main.storyboard;
			sourceTree = "<group>";
		};
		C5AF54912332639000F946B3 /* LaunchScreen.storyboard */ = {
			isa = PBXVariantGroup;
			children = (
				C5AF54922332639000F946B3 /* Base */,
			);
			name = LaunchScreen.storyboard;
			sourceTree = "<group>";
		};
/* End PBXVariantGroup section */

/* Begin XCBuildConfiguration section */
		C5AF54952332639000F946B3 /* Debug */ = {
			isa = XCBuildConfiguration;
			buildSettings = {
				ALWAYS_SEARCH_USER_PATHS = NO;
				CLANG_ANALYZER_NONNULL = YES;
				CLANG_ANALYZER_NUMBER_OBJECT_CONVERSION = YES_AGGRESSIVE;
				CLANG_CXX_LANGUAGE_STANDARD = "gnu++14";
				CLANG_CXX_LIBRARY = "libc++";
				CLANG_ENABLE_MODULES = YES;
				CLANG_ENABLE_OBJC_ARC = YES;
				CLANG_ENABLE_OBJC_WEAK = YES;
				CLANG_WARN_BLOCK_CAPTURE_AUTORELEASING = YES;
				CLANG_WARN_BOOL_CONVERSION = YES;
				CLANG_WARN_COMMA = YES;
				CLANG_WARN_CONSTANT_CONVERSION = YES;
				CLANG_WARN_DEPRECATED_OBJC_IMPLEMENTATIONS = YES;
				CLANG_WARN_DIRECT_OBJC_ISA_USAGE = YES_ERROR;
				CLANG_WARN_DOCUMENTATION_COMMENTS = YES;
				CLANG_WARN_EMPTY_BODY = YES;
				CLANG_WARN_ENUM_CONVERSION = YES;
				CLANG_WARN_INFINITE_RECURSION = YES;
				CLANG_WARN_INT_CONVERSION = YES;
				CLANG_WARN_NON_LITERAL_NULL_CONVERSION = YES;
				CLANG_WARN_OBJC_IMPLICIT_RETAIN_SELF = YES;
				CLANG_WARN_OBJC_LITERAL_CONVERSION = YES;
				CLANG_WARN_OBJC_ROOT_CLASS = YES_ERROR;
				CLANG_WARN_RANGE_LOOP_ANALYSIS = YES;
				CLANG_WARN_STRICT_PROTOTYPES = YES;
				CLANG_WARN_SUSPICIOUS_MOVE = YES;
				CLANG_WARN_UNGUARDED_AVAILABILITY = YES_AGGRESSIVE;
				CLANG_WARN_UNREACHABLE_CODE = YES;
				CLANG_WARN__DUPLICATE_METHOD_MATCH = YES;
				CODE_SIGN_IDENTITY = "iPhone Developer";
				COPY_PHASE_STRIP = NO;
				DEBUG_INFORMATION_FORMAT = dwarf;
				ENABLE_STRICT_OBJC_MSGSEND = YES;
				ENABLE_TESTABILITY = YES;
				GCC_C_LANGUAGE_STANDARD = gnu11;
				GCC_DYNAMIC_NO_PIC = NO;
				GCC_NO_COMMON_BLOCKS = YES;
				GCC_OPTIMIZATION_LEVEL = 0;
				GCC_PREPROCESSOR_DEFINITIONS = (
					"DEBUG=1",
					"$(inherited)",
				);
				GCC_WARN_64_TO_32_BIT_CONVERSION = YES;
				GCC_WARN_ABOUT_RETURN_TYPE = YES_ERROR;
				GCC_WARN_UNDECLARED_SELECTOR = YES;
				GCC_WARN_UNINITIALIZED_AUTOS = YES_AGGRESSIVE;
				GCC_WARN_UNUSED_FUNCTION = YES;
				GCC_WARN_UNUSED_VARIABLE = YES;
				IPHONEOS_DEPLOYMENT_TARGET = 12.4;
				MTL_ENABLE_DEBUG_INFO = INCLUDE_SOURCE;
				MTL_FAST_MATH = YES;
				ONLY_ACTIVE_ARCH = YES;
				SDKROOT = iphoneos;
				SWIFT_ACTIVE_COMPILATION_CONDITIONS = DEBUG;
				SWIFT_OPTIMIZATION_LEVEL = "-Onone";
			};
			name = Debug;
		};
		C5AF54962332639000F946B3 /* Release */ = {
			isa = XCBuildConfiguration;
			buildSettings = {
				ALWAYS_SEARCH_USER_PATHS = NO;
				CLANG_ANALYZER_NONNULL = YES;
				CLANG_ANALYZER_NUMBER_OBJECT_CONVERSION = YES_AGGRESSIVE;
				CLANG_CXX_LANGUAGE_STANDARD = "gnu++14";
				CLANG_CXX_LIBRARY = "libc++";
				CLANG_ENABLE_MODULES = YES;
				CLANG_ENABLE_OBJC_ARC = YES;
				CLANG_ENABLE_OBJC_WEAK = YES;
				CLANG_WARN_BLOCK_CAPTURE_AUTORELEASING = YES;
				CLANG_WARN_BOOL_CONVERSION = YES;
				CLANG_WARN_COMMA = YES;
				CLANG_WARN_CONSTANT_CONVERSION = YES;
				CLANG_WARN_DEPRECATED_OBJC_IMPLEMENTATIONS = YES;
				CLANG_WARN_DIRECT_OBJC_ISA_USAGE = YES_ERROR;
				CLANG_WARN_DOCUMENTATION_COMMENTS = YES;
				CLANG_WARN_EMPTY_BODY = YES;
				CLANG_WARN_ENUM_CONVERSION = YES;
				CLANG_WARN_INFINITE_RECURSION = YES;
				CLANG_WARN_INT_CONVERSION = YES;
				CLANG_WARN_NON_LITERAL_NULL_CONVERSION = YES;
				CLANG_WARN_OBJC_IMPLICIT_RETAIN_SELF = YES;
				CLANG_WARN_OBJC_LITERAL_CONVERSION = YES;
				CLANG_WARN_OBJC_ROOT_CLASS = YES_ERROR;
				CLANG_WARN_RANGE_LOOP_ANALYSIS = YES;
				CLANG_WARN_STRICT_PROTOTYPES = YES;
				CLANG_WARN_SUSPICIOUS_MOVE = YES;
				CLANG_WARN_UNGUARDED_AVAILABILITY = YES_AGGRESSIVE;
				CLANG_WARN_UNREACHABLE_CODE = YES;
				CLANG_WARN__DUPLICATE_METHOD_MATCH = YES;
				CODE_SIGN_IDENTITY = "iPhone Developer";
				COPY_PHASE_STRIP = NO;
				DEBUG_INFORMATION_FORMAT = "dwarf-with-dsym";
				ENABLE_NS_ASSERTIONS = NO;
				ENABLE_STRICT_OBJC_MSGSEND = YES;
				GCC_C_LANGUAGE_STANDARD = gnu11;
				GCC_NO_COMMON_BLOCKS = YES;
				GCC_WARN_64_TO_32_BIT_CONVERSION = YES;
				GCC_WARN_ABOUT_RETURN_TYPE = YES_ERROR;
				GCC_WARN_UNDECLARED_SELECTOR = YES;
				GCC_WARN_UNINITIALIZED_AUTOS = YES_AGGRESSIVE;
				GCC_WARN_UNUSED_FUNCTION = YES;
				GCC_WARN_UNUSED_VARIABLE = YES;
				IPHONEOS_DEPLOYMENT_TARGET = 12.4;
				MTL_ENABLE_DEBUG_INFO = NO;
				MTL_FAST_MATH = YES;
				SDKROOT = iphoneos;
				SWIFT_COMPILATION_MODE = wholemodule;
				SWIFT_OPTIMIZATION_LEVEL = "-O";
				VALIDATE_PRODUCT = YES;
			};
			name = Release;
		};
		C5AF54982332639000F946B3 /* Debug */ = {
			isa = XCBuildConfiguration;
			baseConfigurationReference = 4FF2C1BEE1D29DC3CD890C83 /* Pods-CarfaxList.debug.xcconfig */;
			buildSettings = {
				ASSETCATALOG_COMPILER_APPICON_NAME = AppIcon;
				CODE_SIGN_STYLE = Automatic;
				DEVELOPMENT_TEAM = WMMTRPU5ZN;
				INFOPLIST_FILE = CarfaxList/Info.plist;
				LD_RUNPATH_SEARCH_PATHS = (
					"$(inherited)",
					"@executable_path/Frameworks",
				);
				PRODUCT_BUNDLE_IDENTIFIER = carfaxlist.boatus.com.CarfaxList;
				PRODUCT_NAME = "$(TARGET_NAME)";
				SWIFT_VERSION = 5.0;
				TARGETED_DEVICE_FAMILY = "1,2";
			};
			name = Debug;
		};
		C5AF54992332639000F946B3 /* Release */ = {
			isa = XCBuildConfiguration;
			baseConfigurationReference = 6CF595D214B72254F0B96A9E /* Pods-CarfaxList.release.xcconfig */;
			buildSettings = {
				ASSETCATALOG_COMPILER_APPICON_NAME = AppIcon;
				CODE_SIGN_STYLE = Automatic;
				DEVELOPMENT_TEAM = WMMTRPU5ZN;
				INFOPLIST_FILE = CarfaxList/Info.plist;
				LD_RUNPATH_SEARCH_PATHS = (
					"$(inherited)",
					"@executable_path/Frameworks",
				);
				PRODUCT_BUNDLE_IDENTIFIER = carfaxlist.boatus.com.CarfaxList;
				PRODUCT_NAME = "$(TARGET_NAME)";
				SWIFT_VERSION = 5.0;
				TARGETED_DEVICE_FAMILY = "1,2";
			};
			name = Release;
		};
/* End XCBuildConfiguration section */

/* Begin XCConfigurationList section */
		C5AF54802332638F00F946B3 /* Build configuration list for PBXProject "CarfaxList" */ = {
			isa = XCConfigurationList;
			buildConfigurations = (
				C5AF54952332639000F946B3 /* Debug */,
				C5AF54962332639000F946B3 /* Release */,
			);
			defaultConfigurationIsVisible = 0;
			defaultConfigurationName = Release;
		};
		C5AF54972332639000F946B3 /* Build configuration list for PBXNativeTarget "CarfaxList" */ = {
			isa = XCConfigurationList;
			buildConfigurations = (
				C5AF54982332639000F946B3 /* Debug */,
				C5AF54992332639000F946B3 /* Release */,
			);
			defaultConfigurationIsVisible = 0;
			defaultConfigurationName = Release;
		};
/* End XCConfigurationList section */
	};
	rootObject = C5AF547D2332638F00F946B3 /* Project object */;
}
